
Microsoft Visual Studio Solution File, Format Version 12.00
# Visual Studio Version 16
VisualStudioVersion = 16.0.29215.179
MinimumVisualStudioVersion = 10.0.40219.1
Project("{FAE04EC0-301F-11D3-BF4B-00C04F79EFBC}") = "MeditateAsWorkType", "MeditateAsWorkType\MeditateAsWorkType.csproj", "{30141296-2EA2-44BB-9309-D02F667F8919}"
EndProject
Global
	GlobalSection(SolutionConfigurationPlatforms) = preSolution
		Debug|Any CPU = Debug|Any CPU
		Release|Any CPU = Release|Any CPU
	EndGlobalSection
	GlobalSection(ProjectConfigurationPlatforms) = postSolution
		{30141296-2EA2-44BB-9309-D02F667F8919}.Debug|Any CPU.ActiveCfg = Debug|Any CPU
		{30141296-2EA2-44BB-9309-D02F667F8919}.Debug|Any CPU.Build.0 = Debug|Any CPU
		{30141296-2EA2-44BB-9309-D02F667F8919}.Release|Any CPU.ActiveCfg = Release|Any CPU
		{30141296-2EA2-44BB-9309-D02F667F8919}.Release|Any CPU.Build.0 = Release|Any CPU
	EndGlobalSection
	GlobalSection(SolutionProperties) = preSolution
		HideSolutionNode = FALSE
	EndGlobalSection
	GlobalSection(ExtensibilityGlobals) = postSolution
		SolutionGuid = {2822E4F0-A328-4CE0-8750-2A23EDAF6807}
	EndGlobalSection
EndGlobal
